// !$*UTF8*$!
{
	archiveVersion = 1;
	classes = {
	};
	objectVersion = 50;
	objects = {

/* Begin PBXBuildFile section */
		636C91A82415D9F7000350D2 /* BTService.swift in Sources */ = {isa = PBXBuildFile; fileRef = 636C91A72415D9F7000350D2 /* BTService.swift */; };
		63DDE9BE24155261003A407F /* AppDelegate.swift in Sources */ = {isa = PBXBuildFile; fileRef = 63DDE9BD24155261003A407F /* AppDelegate.swift */; };
		63DDE9C024155261003A407F /* SceneDelegate.swift in Sources */ = {isa = PBXBuildFile; fileRef = 63DDE9BF24155261003A407F /* SceneDelegate.swift */; };
		63DDE9C224155261003A407F /* ContentView.swift in Sources */ = {isa = PBXBuildFile; fileRef = 63DDE9C124155261003A407F /* ContentView.swift */; };
		63DDE9C424155264003A407F /* Assets.xcassets in Resources */ = {isa = PBXBuildFile; fileRef = 63DDE9C324155264003A407F /* Assets.xcassets */; };
		63DDE9C724155264003A407F /* Preview Assets.xcassets in Resources */ = {isa = PBXBuildFile; fileRef = 63DDE9C624155264003A407F /* Preview Assets.xcassets */; };
		63DDE9CA24155264003A407F /* LaunchScreen.storyboard in Resources */ = {isa = PBXBuildFile; fileRef = 63DDE9C824155264003A407F /* LaunchScreen.storyboard */; };
		63DDE9D524155264003A407F /* AutismLampAppTests.swift in Sources */ = {isa = PBXBuildFile; fileRef = 63DDE9D424155264003A407F /* AutismLampAppTests.swift */; };
		63DDE9E024155264003A407F /* AutismLampAppUITests.swift in Sources */ = {isa = PBXBuildFile; fileRef = 63DDE9DF24155264003A407F /* AutismLampAppUITests.swift */; };
/* End PBXBuildFile section */

/* Begin PBXContainerItemProxy section */
		63DDE9D124155264003A407F /* PBXContainerItemProxy */ = {
			isa = PBXContainerItemProxy;
			containerPortal = 63DDE9B224155261003A407F /* Project object */;
			proxyType = 1;
			remoteGlobalIDString = 63DDE9B924155261003A407F;
			remoteInfo = AutismLampApp;
		};
		63DDE9DC24155264003A407F /* PBXContainerItemProxy */ = {
			isa = PBXContainerItemProxy;
			containerPortal = 63DDE9B224155261003A407F /* Project object */;
			proxyType = 1;
			remoteGlobalIDString = 63DDE9B924155261003A407F;
			remoteInfo = AutismLampApp;
		};
/* End PBXContainerItemProxy section */

/* Begin PBXFileReference section */
		636C91A72415D9F7000350D2 /* BTService.swift */ = {isa = PBXFileReference; lastKnownFileType = sourcecode.swift; path = BTService.swift; sourceTree = "<group>"; };
		63DDE9BA24155261003A407F /* AutismLampApp.app */ = {isa = PBXFileReference; explicitFileType = wrapper.application; includeInIndex = 0; path = AutismLampApp.app; sourceTree = BUILT_PRODUCTS_DIR; };
		63DDE9BD24155261003A407F /* AppDelegate.swift */ = {isa = PBXFileReference; lastKnownFileType = sourcecode.swift; path = AppDelegate.swift; sourceTree = "<group>"; };
		63DDE9BF24155261003A407F /* SceneDelegate.swift */ = {isa = PBXFileReference; lastKnownFileType = sourcecode.swift; path = SceneDelegate.swift; sourceTree = "<group>"; };
		63DDE9C124155261003A407F /* ContentView.swift */ = {isa = PBXFileReference; lastKnownFileType = sourcecode.swift; path = ContentView.swift; sourceTree = "<group>"; };
		63DDE9C324155264003A407F /* Assets.xcassets */ = {isa = PBXFileReference; lastKnownFileType = folder.assetcatalog; path = Assets.xcassets; sourceTree = "<group>"; };
		63DDE9C624155264003A407F /* Preview Assets.xcassets */ = {isa = PBXFileReference; lastKnownFileType = folder.assetcatalog; path = "Preview Assets.xcassets"; sourceTree = "<group>"; };
		63DDE9C924155264003A407F /* Base */ = {isa = PBXFileReference; lastKnownFileType = file.storyboard; name = Base; path = Base.lproj/LaunchScreen.storyboard; sourceTree = "<group>"; };
		63DDE9CB24155264003A407F /* Info.plist */ = {isa = PBXFileReference; lastKnownFileType = text.plist.xml; path = Info.plist; sourceTree = "<group>"; };
		63DDE9D024155264003A407F /* AutismLampAppTests.xctest */ = {isa = PBXFileReference; explicitFileType = wrapper.cfbundle; includeInIndex = 0; path = AutismLampAppTests.xctest; sourceTree = BUILT_PRODUCTS_DIR; };
		63DDE9D424155264003A407F /* AutismLampAppTests.swift */ = {isa = PBXFileReference; lastKnownFileType = sourcecode.swift; path = AutismLampAppTests.swift; sourceTree = "<group>"; };
		63DDE9D624155264003A407F /* Info.plist */ = {isa = PBXFileReference; lastKnownFileType = text.plist.xml; path = Info.plist; sourceTree = "<group>"; };
		63DDE9DB24155264003A407F /* AutismLampAppUITests.xctest */ = {isa = PBXFileReference; explicitFileType = wrapper.cfbundle; includeInIndex = 0; path = AutismLampAppUITests.xctest; sourceTree = BUILT_PRODUCTS_DIR; };
		63DDE9DF24155264003A407F /* AutismLampAppUITests.swift */ = {isa = PBXFileReference; lastKnownFileType = sourcecode.swift; path = AutismLampAppUITests.swift; sourceTree = "<group>"; };
		63DDE9E124155264003A407F /* Info.plist */ = {isa = PBXFileReference; lastKnownFileType = text.plist.xml; path = Info.plist; sourceTree = "<group>"; };
/* End PBXFileReference section */

/* Begin PBXFrameworksBuildPhase section */
		63DDE9B724155261003A407F /* Frameworks */ = {
			isa = PBXFrameworksBuildPhase;
			buildActionMask = 2147483647;
			files = (
			);
			runOnlyForDeploymentPostprocessing = 0;
		};
		63DDE9CD24155264003A407F /* Frameworks */ = {
			isa = PBXFrameworksBuildPhase;
			buildActionMask = 2147483647;
			files = (
			);
			runOnlyForDeploymentPostprocessing = 0;
		};
		63DDE9D824155264003A407F /* Frameworks */ = {
			isa = PBXFrameworksBuildPhase;
			buildActionMask = 2147483647;
			files = (
			);
			runOnlyForDeploymentPostprocessing = 0;
		};
/* End PBXFrameworksBuildPhase section */

/* Begin PBXGroup section */
		63DDE9B124155261003A407F = {
			isa = PBXGroup;
			children = (
				63DDE9BC24155261003A407F /* AutismLampApp */,
				63DDE9D324155264003A407F /* AutismLampAppTests */,
				63DDE9DE24155264003A407F /* AutismLampAppUITests */,
				63DDE9BB24155261003A407F /* Products */,
			);
			sourceTree = "<group>";
		};
		63DDE9BB24155261003A407F /* Products */ = {
			isa = PBXGroup;
			children = (
				63DDE9BA24155261003A407F /* AutismLampApp.app */,
				63DDE9D024155264003A407F /* AutismLampAppTests.xctest */,
				63DDE9DB24155264003A407F /* AutismLampAppUITests.xctest */,
			);
			name = Products;
			sourceTree = "<group>";
		};
		63DDE9BC24155261003A407F /* AutismLampApp */ = {
			isa = PBXGroup;
			children = (
				63DDE9BD24155261003A407F /* AppDelegate.swift */,
				63DDE9BF24155261003A407F /* SceneDelegate.swift */,
				63DDE9C124155261003A407F /* ContentView.swift */,
				636C91A72415D9F7000350D2 /* BTService.swift */,
				63DDE9C324155264003A407F /* Assets.xcassets */,
				63DDE9C824155264003A407F /* LaunchScreen.storyboard */,
				63DDE9CB24155264003A407F /* Info.plist */,
				63DDE9C524155264003A407F /* Preview Content */,
			);
			path = AutismLampApp;
			sourceTree = "<group>";
		};
		63DDE9C524155264003A407F /* Preview Content */ = {
			isa = PBXGroup;
			children = (
				63DDE9C624155264003A407F /* Preview Assets.xcassets */,
			);
			path = "Preview Content";
			sourceTree = "<group>";
		};
		63DDE9D324155264003A407F /* AutismLampAppTests */ = {
			isa = PBXGroup;
			children = (
				63DDE9D424155264003A407F /* AutismLampAppTests.swift */,
				63DDE9D624155264003A407F /* Info.plist */,
			);
			path = AutismLampAppTests;
			sourceTree = "<group>";
		};
		63DDE9DE24155264003A407F /* AutismLampAppUITests */ = {
			isa = PBXGroup;
			children = (
				63DDE9DF24155264003A407F /* AutismLampAppUITests.swift */,
				63DDE9E124155264003A407F /* Info.plist */,
			);
			path = AutismLampAppUITests;
			sourceTree = "<group>";
		};
/* End PBXGroup section */

/* Begin PBXNativeTarget section */
		63DDE9B924155261003A407F /* AutismLampApp */ = {
			isa = PBXNativeTarget;
			buildConfigurationList = 63DDE9E424155264003A407F /* Build configuration list for PBXNativeTarget "AutismLampApp" */;
			buildPhases = (
				63DDE9B624155261003A407F /* Sources */,
				63DDE9B724155261003A407F /* Frameworks */,
				63DDE9B824155261003A407F /* Resources */,
			);
			buildRules = (
			);
			dependencies = (
			);
			name = AutismLampApp;
			productName = AutismLampApp;
			productReference = 63DDE9BA24155261003A407F /* AutismLampApp.app */;
			productType = "com.apple.product-type.application";
		};
		63DDE9CF24155264003A407F /* AutismLampAppTests */ = {
			isa = PBXNativeTarget;
			buildConfigurationList = 63DDE9E724155264003A407F /* Build configuration list for PBXNativeTarget "AutismLampAppTests" */;
			buildPhases = (
				63DDE9CC24155264003A407F /* Sources */,
				63DDE9CD24155264003A407F /* Frameworks */,
				63DDE9CE24155264003A407F /* Resources */,
			);
			buildRules = (
			);
			dependencies = (
				63DDE9D224155264003A407F /* PBXTargetDependency */,
			);
			name = AutismLampAppTests;
			productName = AutismLampAppTests;
			productReference = 63DDE9D024155264003A407F /* AutismLampAppTests.xctest */;
			productType = "com.apple.product-type.bundle.unit-test";
		};
		63DDE9DA24155264003A407F /* AutismLampAppUITests */ = {
			isa = PBXNativeTarget;
			buildConfigurationList = 63DDE9EA24155264003A407F /* Build configuration list for PBXNativeTarget "AutismLampAppUITests" */;
			buildPhases = (
				63DDE9D724155264003A407F /* Sources */,
				63DDE9D824155264003A407F /* Frameworks */,
				63DDE9D924155264003A407F /* Resources */,
			);
			buildRules = (
			);
			dependencies = (
				63DDE9DD24155264003A407F /* PBXTargetDependency */,
			);
			name = AutismLampAppUITests;
			productName = AutismLampAppUITests;
			productReference = 63DDE9DB24155264003A407F /* AutismLampAppUITests.xctest */;
			productType = "com.apple.product-type.bundle.ui-testing";
		};
/* End PBXNativeTarget section */

/* Begin PBXProject section */
		63DDE9B224155261003A407F /* Project object */ = {
			isa = PBXProject;
			attributes = {
				LastSwiftUpdateCheck = 1130;
				LastUpgradeCheck = 1130;
				ORGANIZATIONNAME = "David Ionita";
				TargetAttributes = {
					63DDE9B924155261003A407F = {
						CreatedOnToolsVersion = 11.3.1;
					};
					63DDE9CF24155264003A407F = {
						CreatedOnToolsVersion = 11.3.1;
						TestTargetID = 63DDE9B924155261003A407F;
					};
					63DDE9DA24155264003A407F = {
						CreatedOnToolsVersion = 11.3.1;
						TestTargetID = 63DDE9B924155261003A407F;
					};
				};
			};
			buildConfigurationList = 63DDE9B524155261003A407F /* Build configuration list for PBXProject "AutismLampApp" */;
			compatibilityVersion = "Xcode 9.3";
			developmentRegion = en;
			hasScannedForEncodings = 0;
			knownRegions = (
				en,
				Base,
			);
			mainGroup = 63DDE9B124155261003A407F;
			productRefGroup = 63DDE9BB24155261003A407F /* Products */;
			projectDirPath = "";
			projectRoot = "";
			targets = (
				63DDE9B924155261003A407F /* AutismLampApp */,
				63DDE9CF24155264003A407F /* AutismLampAppTests */,
				63DDE9DA24155264003A407F /* AutismLampAppUITests */,
			);
		};
/* End PBXProject section */

/* Begin PBXResourcesBuildPhase section */
		63DDE9B824155261003A407F /* Resources */ = {
			isa = PBXResourcesBuildPhase;
			buildActionMask = 2147483647;
			files = (
				63DDE9CA24155264003A407F /* LaunchScreen.storyboard in Resources */,
				63DDE9C724155264003A407F /* Preview Assets.xcassets in Resources */,
				63DDE9C424155264003A407F /* Assets.xcassets in Resources */,
			);
			runOnlyForDeploymentPostprocessing = 0;
		};
		63DDE9CE24155264003A407F /* Resources */ = {
			isa = PBXResourcesBuildPhase;
			buildActionMask = 2147483647;
			files = (
			);
			runOnlyForDeploymentPostprocessing = 0;
		};
		63DDE9D924155264003A407F /* Resources */ = {
			isa = PBXResourcesBuildPhase;
			buildActionMask = 2147483647;
			files = (
			);
			runOnlyForDeploymentPostprocessing = 0;
		};
/* End PBXResourcesBuildPhase section */

/* Begin PBXSourcesBuildPhase section */
		63DDE9B624155261003A407F /* Sources */ = {
			isa = PBXSourcesBuildPhase;
			buildActionMask = 2147483647;
			files = (
				63DDE9BE24155261003A407F /* AppDelegate.swift in Sources */,
				636C91A82415D9F7000350D2 /* BTService.swift in Sources */,
				63DDE9C024155261003A407F /* SceneDelegate.swift in Sources */,
				63DDE9C224155261003A407F /* ContentView.swift in Sources */,
			);
			runOnlyForDeploymentPostprocessing = 0;
		};
		63DDE9CC24155264003A407F /* Sources */ = {
			isa = PBXSourcesBuildPhase;
			buildActionMask = 2147483647;
			files = (
				63DDE9D524155264003A407F /* AutismLampAppTests.swift in Sources */,
			);
			runOnlyForDeploymentPostprocessing = 0;
		};
		63DDE9D724155264003A407F /* Sources */ = {
			isa = PBXSourcesBuildPhase;
			buildActionMask = 2147483647;
			files = (
				63DDE9E024155264003A407F /* AutismLampAppUITests.swift in Sources */,
			);
			runOnlyForDeploymentPostprocessing = 0;
		};
/* End PBXSourcesBuildPhase section */

/* Begin PBXTargetDependency section */
		63DDE9D224155264003A407F /* PBXTargetDependency */ = {
			isa = PBXTargetDependency;
			target = 63DDE9B924155261003A407F /* AutismLampApp */;
			targetProxy = 63DDE9D124155264003A407F /* PBXContainerItemProxy */;
		};
		63DDE9DD24155264003A407F /* PBXTargetDependency */ = {
			isa = PBXTargetDependency;
			target = 63DDE9B924155261003A407F /* AutismLampApp */;
			targetProxy = 63DDE9DC24155264003A407F /* PBXContainerItemProxy */;
		};
/* End PBXTargetDependency section */

/* Begin PBXVariantGroup section */
		63DDE9C824155264003A407F /* LaunchScreen.storyboard */ = {
			isa = PBXVariantGroup;
			children = (
				63DDE9C924155264003A407F /* Base */,
			);
			name = LaunchScreen.storyboard;
			sourceTree = "<group>";
		};
/* End PBXVariantGroup section */

/* Begin XCBuildConfiguration section */
		63DDE9E224155264003A407F /* Debug */ = {
			isa = XCBuildConfiguration;
			buildSettings = {
				ALWAYS_SEARCH_USER_PATHS = NO;
				CLANG_ANALYZER_NONNULL = YES;
				CLANG_ANALYZER_NUMBER_OBJECT_CONVERSION = YES_AGGRESSIVE;
				CLANG_CXX_LANGUAGE_STANDARD = "gnu++14";
				CLANG_CXX_LIBRARY = "libc++";
				CLANG_ENABLE_MODULES = YES;
				CLANG_ENABLE_OBJC_ARC = YES;
				CLANG_ENABLE_OBJC_WEAK = YES;
				CLANG_WARN_BLOCK_CAPTURE_AUTORELEASING = YES;
				CLANG_WARN_BOOL_CONVERSION = YES;
				CLANG_WARN_COMMA = YES;
				CLANG_WARN_CONSTANT_CONVERSION = YES;
				CLANG_WARN_DEPRECATED_OBJC_IMPLEMENTATIONS = YES;
				CLANG_WARN_DIRECT_OBJC_ISA_USAGE = YES_ERROR;
				CLANG_WARN_DOCUMENTATION_COMMENTS = YES;
				CLANG_WARN_EMPTY_BODY = YES;
				CLANG_WARN_ENUM_CONVERSION = YES;
				CLANG_WARN_INFINITE_RECURSION = YES;
				CLANG_WARN_INT_CONVERSION = YES;
				CLANG_WARN_NON_LITERAL_NULL_CONVERSION = YES;
				CLANG_WARN_OBJC_IMPLICIT_RETAIN_SELF = YES;
				CLANG_WARN_OBJC_LITERAL_CONVERSION = YES;
				CLANG_WARN_OBJC_ROOT_CLASS = YES_ERROR;
				CLANG_WARN_RANGE_LOOP_ANALYSIS = YES;
				CLANG_WARN_STRICT_PROTOTYPES = YES;
				CLANG_WARN_SUSPICIOUS_MOVE = YES;
				CLANG_WARN_UNGUARDED_AVAILABILITY = YES_AGGRESSIVE;
				CLANG_WARN_UNREACHABLE_CODE = YES;
				CLANG_WARN__DUPLICATE_METHOD_MATCH = YES;
				COPY_PHASE_STRIP = NO;
				DEBUG_INFORMATION_FORMAT = dwarf;
				ENABLE_STRICT_OBJC_MSGSEND = YES;
				ENABLE_TESTABILITY = YES;
				GCC_C_LANGUAGE_STANDARD = gnu11;
				GCC_DYNAMIC_NO_PIC = NO;
				GCC_NO_COMMON_BLOCKS = YES;
				GCC_OPTIMIZATION_LEVEL = 0;
				GCC_PREPROCESSOR_DEFINITIONS = (
					"DEBUG=1",
					"$(inherited)",
				);
				GCC_WARN_64_TO_32_BIT_CONVERSION = YES;
				GCC_WARN_ABOUT_RETURN_TYPE = YES_ERROR;
				GCC_WARN_UNDECLARED_SELECTOR = YES;
				GCC_WARN_UNINITIALIZED_AUTOS = YES_AGGRESSIVE;
				GCC_WARN_UNUSED_FUNCTION = YES;
				GCC_WARN_UNUSED_VARIABLE = YES;
				IPHONEOS_DEPLOYMENT_TARGET = 13.2;
				MTL_ENABLE_DEBUG_INFO = INCLUDE_SOURCE;
				MTL_FAST_MATH = YES;
				ONLY_ACTIVE_ARCH = YES;
				SDKROOT = iphoneos;
				SWIFT_ACTIVE_COMPILATION_CONDITIONS = DEBUG;
				SWIFT_OPTIMIZATION_LEVEL = "-Onone";
			};
			name = Debug;
		};
		63DDE9E324155264003A407F /* Release */ = {
			isa = XCBuildConfiguration;
			buildSettings = {
				ALWAYS_SEARCH_USER_PATHS = NO;
				CLANG_ANALYZER_NONNULL = YES;
				CLANG_ANALYZER_NUMBER_OBJECT_CONVERSION = YES_AGGRESSIVE;
				CLANG_CXX_LANGUAGE_STANDARD = "gnu++14";
				CLANG_CXX_LIBRARY = "libc++";
				CLANG_ENABLE_MODULES = YES;
				CLANG_ENABLE_OBJC_ARC = YES;
				CLANG_ENABLE_OBJC_WEAK = YES;
				CLANG_WARN_BLOCK_CAPTURE_AUTORELEASING = YES;
				CLANG_WARN_BOOL_CONVERSION = YES;
				CLANG_WARN_COMMA = YES;
				CLANG_WARN_CONSTANT_CONVERSION = YES;
				CLANG_WARN_DEPRECATED_OBJC_IMPLEMENTATIONS = YES;
				CLANG_WARN_DIRECT_OBJC_ISA_USAGE = YES_ERROR;
				CLANG_WARN_DOCUMENTATION_COMMENTS = YES;
				CLANG_WARN_EMPTY_BODY = YES;
				CLANG_WARN_ENUM_CONVERSION = YES;
				CLANG_WARN_INFINITE_RECURSION = YES;
				CLANG_WARN_INT_CONVERSION = YES;
				CLANG_WARN_NON_LITERAL_NULL_CONVERSION = YES;
				CLANG_WARN_OBJC_IMPLICIT_RETAIN_SELF = YES;
				CLANG_WARN_OBJC_LITERAL_CONVERSION = YES;
				CLANG_WARN_OBJC_ROOT_CLASS = YES_ERROR;
				CLANG_WARN_RANGE_LOOP_ANALYSIS = YES;
				CLANG_WARN_STRICT_PROTOTYPES = YES;
				CLANG_WARN_SUSPICIOUS_MOVE = YES;
				CLANG_WARN_UNGUARDED_AVAILABILITY = YES_AGGRESSIVE;
				CLANG_WARN_UNREACHABLE_CODE = YES;
				CLANG_WARN__DUPLICATE_METHOD_MATCH = YES;
				COPY_PHASE_STRIP = NO;
				DEBUG_INFORMATION_FORMAT = "dwarf-with-dsym";
				ENABLE_NS_ASSERTIONS = NO;
				ENABLE_STRICT_OBJC_MSGSEND = YES;
				GCC_C_LANGUAGE_STANDARD = gnu11;
				GCC_NO_COMMON_BLOCKS = YES;
				GCC_WARN_64_TO_32_BIT_CONVERSION = YES;
				GCC_WARN_ABOUT_RETURN_TYPE = YES_ERROR;
				GCC_WARN_UNDECLARED_SELECTOR = YES;
				GCC_WARN_UNINITIALIZED_AUTOS = YES_AGGRESSIVE;
				GCC_WARN_UNUSED_FUNCTION = YES;
				GCC_WARN_UNUSED_VARIABLE = YES;
				IPHONEOS_DEPLOYMENT_TARGET = 13.2;
				MTL_ENABLE_DEBUG_INFO = NO;
				MTL_FAST_MATH = YES;
				SDKROOT = iphoneos;
				SWIFT_COMPILATION_MODE = wholemodule;
				SWIFT_OPTIMIZATION_LEVEL = "-O";
				VALIDATE_PRODUCT = YES;
			};
			name = Release;
		};
		63DDE9E524155264003A407F /* Debug */ = {
			isa = XCBuildConfiguration;
			buildSettings = {
				ASSETCATALOG_COMPILER_APPICON_NAME = AppIcon;
				CODE_SIGN_STYLE = Automatic;
				DEVELOPMENT_ASSET_PATHS = "\"AutismLampApp/Preview Content\"";
				DEVELOPMENT_TEAM = JE8ZN9BQRC;
				ENABLE_PREVIEWS = YES;
				INFOPLIST_FILE = AutismLampApp/Info.plist;
				LD_RUNPATH_SEARCH_PATHS = (
					"$(inherited)",
					"@executable_path/Frameworks",
				);
				PRODUCT_BUNDLE_IDENTIFIER = david.ionita.AutismLampApp;
				PRODUCT_NAME = "$(TARGET_NAME)";
				SWIFT_VERSION = 5.0;
				TARGETED_DEVICE_FAMILY = "1,2";
			};
			name = Debug;
		};
		63DDE9E624155264003A407F /* Release */ = {
			isa = XCBuildConfiguration;
			buildSettings = {
				ASSETCATALOG_COMPILER_APPICON_NAME = AppIcon;
				CODE_SIGN_STYLE = Automatic;
				DEVELOPMENT_ASSET_PATHS = "\"AutismLampApp/Preview Content\"";
				DEVELOPMENT_TEAM = JE8ZN9BQRC;
				ENABLE_PREVIEWS = YES;
				INFOPLIST_FILE = AutismLampApp/Info.plist;
				LD_RUNPATH_SEARCH_PATHS = (
					"$(inherited)",
					"@executable_path/Frameworks",
				);
				PRODUCT_BUNDLE_IDENTIFIER = david.ionita.AutismLampApp;
				PRODUCT_NAME = "$(TARGET_NAME)";
				SWIFT_VERSION = 5.0;
				TARGETED_DEVICE_FAMILY = "1,2";
			};
			name = Release;
		};
		63DDE9E824155264003A407F /* Debug */ = {
			isa = XCBuildConfiguration;
			buildSettings = {
				ALWAYS_EMBED_SWIFT_STANDARD_LIBRARIES = YES;
				BUNDLE_LOADER = "$(TEST_HOST)";
				CODE_SIGN_STYLE = Automatic;
				DEVELOPMENT_TEAM = JE8ZN9BQRC;
				INFOPLIST_FILE = AutismLampAppTests/Info.plist;
				IPHONEOS_DEPLOYMENT_TARGET = 13.2;
				LD_RUNPATH_SEARCH_PATHS = (
					"$(inherited)",
					"@executable_path/Frameworks",
					"@loader_path/Frameworks",
				);
				PRODUCT_BUNDLE_IDENTIFIER = david.ionita.AutismLampAppTests;
				PRODUCT_NAME = "$(TARGET_NAME)";
				SWIFT_VERSION = 5.0;
				TARGETED_DEVICE_FAMILY = "1,2";
				TEST_HOST = "$(BUILT_PRODUCTS_DIR)/AutismLampApp.app/AutismLampApp";
			};
			name = Debug;
		};
		63DDE9E924155264003A407F /* Release */ = {
			isa = XCBuildConfiguration;
			buildSettings = {
				ALWAYS_EMBED_SWIFT_STANDARD_LIBRARIES = YES;
				BUNDLE_LOADER = "$(TEST_HOST)";
				CODE_SIGN_STYLE = Automatic;
				DEVELOPMENT_TEAM = JE8ZN9BQRC;
				INFOPLIST_FILE = AutismLampAppTests/Info.plist;
				IPHONEOS_DEPLOYMENT_TARGET = 13.2;
				LD_RUNPATH_SEARCH_PATHS = (
					"$(inherited)",
					"@executable_path/Frameworks",
					"@loader_path/Frameworks",
				);
				PRODUCT_BUNDLE_IDENTIFIER = david.ionita.AutismLampAppTests;
				PRODUCT_NAME = "$(TARGET_NAME)";
				SWIFT_VERSION = 5.0;
				TARGETED_DEVICE_FAMILY = "1,2";
				TEST_HOST = "$(BUILT_PRODUCTS_DIR)/AutismLampApp.app/AutismLampApp";
			};
			name = Release;
		};
		63DDE9EB24155264003A407F /* Debug */ = {
			isa = XCBuildConfiguration;
			buildSettings = {
				ALWAYS_EMBED_SWIFT_STANDARD_LIBRARIES = YES;
				CODE_SIGN_STYLE = Automatic;
				DEVELOPMENT_TEAM = JE8ZN9BQRC;
				INFOPLIST_FILE = AutismLampAppUITests/Info.plist;
				LD_RUNPATH_SEARCH_PATHS = (
					"$(inherited)",
					"@executable_path/Frameworks",
					"@loader_path/Frameworks",
				);
				PRODUCT_BUNDLE_IDENTIFIER = david.ionita.AutismLampAppUITests;
				PRODUCT_NAME = "$(TARGET_NAME)";
				SWIFT_VERSION = 5.0;
				TARGETED_DEVICE_FAMILY = "1,2";
				TEST_TARGET_NAME = AutismLampApp;
			};
			name = Debug;
		};
		63DDE9EC24155264003A407F /* Release */ = {
			isa = XCBuildConfiguration;
			buildSettings = {
				ALWAYS_EMBED_SWIFT_STANDARD_LIBRARIES = YES;
				CODE_SIGN_STYLE = Automatic;
				DEVELOPMENT_TEAM = JE8ZN9BQRC;
				INFOPLIST_FILE = AutismLampAppUITests/Info.plist;
				LD_RUNPATH_SEARCH_PATHS = (
					"$(inherited)",
					"@executable_path/Frameworks",
					"@loader_path/Frameworks",
				);
				PRODUCT_BUNDLE_IDENTIFIER = david.ionita.AutismLampAppUITests;
				PRODUCT_NAME = "$(TARGET_NAME)";
				SWIFT_VERSION = 5.0;
				TARGETED_DEVICE_FAMILY = "1,2";
				TEST_TARGET_NAME = AutismLampApp;
			};
			name = Release;
		};
/* End XCBuildConfiguration section */

/* Begin XCConfigurationList section */
		63DDE9B524155261003A407F /* Build configuration list for PBXProject "AutismLampApp" */ = {
			isa = XCConfigurationList;
			buildConfigurations = (
				63DDE9E224155264003A407F /* Debug */,
				63DDE9E324155264003A407F /* Release */,
			);
			defaultConfigurationIsVisible = 0;
			defaultConfigurationName = Release;
		};
		63DDE9E424155264003A407F /* Build configuration list for PBXNativeTarget "AutismLampApp" */ = {
			isa = XCConfigurationList;
			buildConfigurations = (
				63DDE9E524155264003A407F /* Debug */,
				63DDE9E624155264003A407F /* Release */,
			);
			defaultConfigurationIsVisible = 0;
			defaultConfigurationName = Release;
		};
		63DDE9E724155264003A407F /* Build configuration list for PBXNativeTarget "AutismLampAppTests" */ = {
			isa = XCConfigurationList;
			buildConfigurations = (
				63DDE9E824155264003A407F /* Debug */,
				63DDE9E924155264003A407F /* Release */,
			);
			defaultConfigurationIsVisible = 0;
			defaultConfigurationName = Release;
		};
		63DDE9EA24155264003A407F /* Build configuration list for PBXNativeTarget "AutismLampAppUITests" */ = {
			isa = XCConfigurationList;
			buildConfigurations = (
				63DDE9EB24155264003A407F /* Debug */,
				63DDE9EC24155264003A407F /* Release */,
			);
			defaultConfigurationIsVisible = 0;
			defaultConfigurationName = Release;
		};
/* End XCConfigurationList section */
	};
	rootObject = 63DDE9B224155261003A407F /* Project object */;
}
